Microsoft Visual Studio Solution File, Format Version 12.00
# Visual Studio 15
Project("{8BC9CEB8-8B4A-11D0-8D11-00A0C91BC942}") = "ALL_BUILD", "ALL_BUILD.vcxproj", "{85E95CA1-9A39-3488-90C1-832D1264C964}"
	ProjectSection(ProjectDependencies) = postProject
		{9A914368-169C-3441-8EDF-C1BA7A7AF196} = {9A914368-169C-3441-8EDF-C1BA7A7AF196}
		{3B0B1F12-976E-3A90-B27B-A334FCBFB7FE} = {3B0B1F12-976E-3A90-B27B-A334FCBFB7FE}
		{789F8D8B-F94E-3A4F-89D0-D95F16B36D00} = {789F8D8B-F94E-3A4F-89D0-D95F16B36D00}
	EndProjectSection
EndProject
Project("{8BC9CEB8-8B4A-11D0-8D11-00A0C91BC942}") = "ZERO_CHECK", "ZERO_CHECK.vcxproj", "{9A914368-169C-3441-8EDF-C1BA7A7AF196}"
	ProjectSection(ProjectDependencies) = postProject
	EndProjectSection
EndProject
Project("{8BC9CEB8-8B4A-11D0-8D11-00A0C91BC942}") = "rtcm_vbs_hp", "rtcm_vbs_hp.vcxproj", "{3B0B1F12-976E-3A90-B27B-A334FCBFB7FE}"
	ProjectSection(ProjectDependencies) = postProject
		{9A914368-169C-3441-8EDF-C1BA7A7AF196} = {9A914368-169C-3441-8EDF-C1BA7A7AF196}
		{789F8D8B-F94E-3A4F-89D0-D95F16B36D00} = {789F8D8B-F94E-3A4F-89D0-D95F16B36D00}
	EndProjectSection
EndProject
Project("{8BC9CEB8-8B4A-11D0-8D11-00A0C91BC942}") = "rtklib_min", "rtklib_min.vcxproj", "{789F8D8B-F94E-3A4F-89D0-D95F16B36D00}"
	ProjectSection(ProjectDependencies) = postProject
		{9A914368-169C-3441-8EDF-C1BA7A7AF196} = {9A914368-169C-3441-8EDF-C1BA7A7AF196}
	EndProjectSection
EndProject
Global
	GlobalSection(SolutionConfigurationPlatforms) = preSolution
		Debug|x64 = Debug|x64
		Release|x64 = Release|x64
		MinSizeRel|x64 = MinSizeRel|x64
		RelWithDebInfo|x64 = RelWithDebInfo|x64
	EndGlobalSection
	GlobalSection(ProjectConfigurationPlatforms) = postSolution
		{85E95CA1-9A39-3488-90C1-832D1264C964}.Debug|x64.ActiveCfg = Debug|x64
		{85E95CA1-9A39-3488-90C1-832D1264C964}.Release|x64.ActiveCfg = Release|x64
		{85E95CA1-9A39-3488-90C1-832D1264C964}.MinSizeRel|x64.ActiveCfg = MinSizeRel|x64
		{85E95CA1-9A39-3488-90C1-832D1264C964}.RelWithDebInfo|x64.ActiveCfg = RelWithDebInfo|x64
		{9A914368-169C-3441-8EDF-C1BA7A7AF196}.Debug|x64.ActiveCfg = Debug|x64
		{9A914368-169C-3441-8EDF-C1BA7A7AF196}.Debug|x64.Build.0 = Debug|x64
		{9A914368-169C-3441-8EDF-C1BA7A7AF196}.Release|x64.ActiveCfg = Release|x64
		{9A914368-169C-3441-8EDF-C1BA7A7AF196}.Release|x64.Build.0 = Release|x64
		{9A914368-169C-3441-8EDF-C1BA7A7AF196}.MinSizeRel|x64.ActiveCfg = MinSizeRel|x64
		{9A914368-169C-3441-8EDF-C1BA7A7AF196}.MinSizeRel|x64.Build.0 = MinSizeRel|x64
		{9A914368-169C-3441-8EDF-C1BA7A7AF196}.RelWithDebInfo|x64.ActiveCfg = RelWithDebInfo|x64
		{9A914368-169C-3441-8EDF-C1BA7A7AF196}.RelWithDebInfo|x64.Build.0 = RelWithDebInfo|x64
		{3B0B1F12-976E-3A90-B27B-A334FCBFB7FE}.Debug|x64.ActiveCfg = Debug|x64
		{3B0B1F12-976E-3A90-B27B-A334FCBFB7FE}.Debug|x64.Build.0 = Debug|x64
		{3B0B1F12-976E-3A90-B27B-A334FCBFB7FE}.Release|x64.ActiveCfg = Release|x64
		{3B0B1F12-976E-3A90-B27B-A334FCBFB7FE}.Release|x64.Build.0 = Release|x64
		{3B0B1F12-976E-3A90-B27B-A334FCBFB7FE}.MinSizeRel|x64.ActiveCfg = MinSizeRel|x64
		{3B0B1F12-976E-3A90-B27B-A334FCBFB7FE}.MinSizeRel|x64.Build.0 = MinSizeRel|x64
		{3B0B1F12-976E-3A90-B27B-A334FCBFB7FE}.RelWithDebInfo|x64.ActiveCfg = RelWithDebInfo|x64
		{3B0B1F12-976E-3A90-B27B-A334FCBFB7FE}.RelWithDebInfo|x64.Build.0 = RelWithDebInfo|x64
		{789F8D8B-F94E-3A4F-89D0-D95F16B36D00}.Debug|x64.ActiveCfg = Debug|x64
		{789F8D8B-F94E-3A4F-89D0-D95F16B36D00}.Debug|x64.Build.0 = Debug|x64
		{789F8D8B-F94E-3A4F-89D0-D95F16B36D00}.Release|x64.ActiveCfg = Release|x64
		{789F8D8B-F94E-3A4F-89D0-D95F16B36D00}.Release|x64.Build.0 = Release|x64
		{789F8D8B-F94E-3A4F-89D0-D95F16B36D00}.MinSizeRel|x64.ActiveCfg = MinSizeRel|x64
		{789F8D8B-F94E-3A4F-89D0-D95F16B36D00}.MinSizeRel|x64.Build.0 = MinSizeRel|x64
		{789F8D8B-F94E-3A4F-89D0-D95F16B36D00}.RelWithDebInfo|x64.ActiveCfg = RelWithDebInfo|x64
		{789F8D8B-F94E-3A4F-89D0-D95F16B36D00}.RelWithDebInfo|x64.Build.0 = RelWithDebInfo|x64
	EndGlobalSection
	GlobalSection(ExtensibilityGlobals) = postSolution
		SolutionGuid = {971AB19E-8170-36C1-A5C0-ADF428F0014D}
	EndGlobalSection
	GlobalSection(ExtensibilityAddIns) = postSolution
	EndGlobalSection
EndGlobal
